
Microsoft Visual Studio Solution File, Format Version 12.00
# Visual Studio Version 16
VisualStudioVersion = 16.0.29209.152
MinimumVisualStudioVersion = 10.0.40219.1
Project("{FAE04EC0-301F-11D3-BF4B-00C04F79EFBC}") = "WebformsMuc2019CS", "WebformsMuc2019CS\WebformsMuc2019CS.csproj", "{95477326-D145-438D-A5CA-93A7EB56CDD9}"
EndProject
Global
	GlobalSection(SolutionConfigurationPlatforms) = preSolution
		Debug|Any CPU = Debug|Any CPU
		Release|Any CPU = Release|Any CPU
	EndGlobalSection
	GlobalSection(ProjectConfigurationPlatforms) = postSolution
		{95477326-D145-438D-A5CA-93A7EB56CDD9}.Debug|Any CPU.ActiveCfg = Debug|Any CPU
		{95477326-D145-438D-A5CA-93A7EB56CDD9}.Debug|Any CPU.Build.0 = Debug|Any CPU
		{95477326-D145-438D-A5CA-93A7EB56CDD9}.Release|Any CPU.ActiveCfg = Release|Any CPU
		{95477326-D145-438D-A5CA-93A7EB56CDD9}.Release|Any CPU.Build.0 = Release|Any CPU
	EndGlobalSection
	GlobalSection(SolutionProperties) = preSolution
		HideSolutionNode = FALSE
	EndGlobalSection
	GlobalSection(ExtensibilityGlobals) = postSolution
		SolutionGuid = {C3CE74D6-9C12-46C0-B2D9-32D9F6977624}
	EndGlobalSection
EndGlobal
